
Microsoft Visual Studio Solution File, Format Version 12.00
# Visual Studio Version 17
VisualStudioVersion = 17.3.32901.215
MinimumVisualStudioVersion = 10.0.40219.1
Project("{FAE04EC0-301F-11D3-BF4B-00C04F79EFBC}") = "dentalappoitnment", "dentalappoitnment\dentalappoitnment.csproj", "{AE2D1CE0-310A-44B1-9FDD-09B512D24BF9}"
EndProject
Global
	GlobalSection(SolutionConfigurationPlatforms) = preSolution
		Debug|Any CPU = Debug|Any CPU
		Release|Any CPU = Release|Any CPU
	EndGlobalSection
	GlobalSection(ProjectConfigurationPlatforms) = postSolution
		{AE2D1CE0-310A-44B1-9FDD-09B512D24BF9}.Debug|Any CPU.ActiveCfg = Debug|Any CPU
		{AE2D1CE0-310A-44B1-9FDD-09B512D24BF9}.Debug|Any CPU.Build.0 = Debug|Any CPU
		{AE2D1CE0-310A-44B1-9FDD-09B512D24BF9}.Release|Any CPU.ActiveCfg = Release|Any CPU
		{AE2D1CE0-310A-44B1-9FDD-09B512D24BF9}.Release|Any CPU.Build.0 = Release|Any CPU
	EndGlobalSection
	GlobalSection(SolutionProperties) = preSolution
		HideSolutionNode = FALSE
	EndGlobalSection
	GlobalSection(ExtensibilityGlobals) = postSolution
		SolutionGuid = {C8FCF197-839E-4A9E-90C8-00241CB052D4}
	EndGlobalSection
EndGlobal
